
Microsoft Visual Studio Solution File, Format Version 12.00
# Visual Studio 15
VisualStudioVersion = 15.0.27004.2005
MinimumVisualStudioVersion = 10.0.40219.1
Project("{FAE04EC0-301F-11D3-BF4B-00C04F79EFBC}") = "c-sharp-6-for-programmers", "c-sharp-6-for-programmers\c-sharp-6-for-programmers.csproj", "{4C625A93-36A6-4112-95D1-EA1CD0308864}"
EndProject
Global
	GlobalSection(SolutionConfigurationPlatforms) = preSolution
		Debug|Any CPU = Debug|Any CPU
		Release|Any CPU = Release|Any CPU
	EndGlobalSection
	GlobalSection(ProjectConfigurationPlatforms) = postSolution
		{4C625A93-36A6-4112-95D1-EA1CD0308864}.Debug|Any CPU.ActiveCfg = Debug|Any CPU
		{4C625A93-36A6-4112-95D1-EA1CD0308864}.Debug|Any CPU.Build.0 = Debug|Any CPU
		{4C625A93-36A6-4112-95D1-EA1CD0308864}.Release|Any CPU.ActiveCfg = Release|Any CPU
		{4C625A93-36A6-4112-95D1-EA1CD0308864}.Release|Any CPU.Build.0 = Release|Any CPU
	EndGlobalSection
	GlobalSection(SolutionProperties) = preSolution
		HideSolutionNode = FALSE
	EndGlobalSection
	GlobalSection(ExtensibilityGlobals) = postSolution
		SolutionGuid = {FB5D31C6-8F58-40BC-904B-3B89653E6201}
	EndGlobalSection
EndGlobal
